
Microsoft Visual Studio Solution File, Format Version 12.00
# Visual Studio Version 16
VisualStudioVersion = 16.0.32228.343
MinimumVisualStudioVersion = 10.0.40219.1
Project("{9A19103F-16F7-4668-BE54-9A1E7A4F7556}") = "FileDrawer", "FileDrawer\FileDrawer.csproj", "{008B422B-30F8-4303-834B-3BC6BF8E65A2}"
EndProject
Project("{9A19103F-16F7-4668-BE54-9A1E7A4F7556}") = "Infrastructure", "Infrastructure\Infrastructure.csproj", "{7A5D0B11-D5DA-4349-A78F-86E8A3AA0482}"
EndProject
Project("{9A19103F-16F7-4668-BE54-9A1E7A4F7556}") = "DataStorage", "Data Storage\DataStorage.csproj", "{EA15AA8C-F3FC-4304-8E96-395C46ADA180}"
EndProject
Project("{9A19103F-16F7-4668-BE54-9A1E7A4F7556}") = "Core", "Core\Core.csproj", "{8D251642-4BA8-4D5F-BDED-AA4ECDEA396B}"
EndProject
Global
	GlobalSection(SolutionConfigurationPlatforms) = preSolution
		Debug|Any CPU = Debug|Any CPU
		Release|Any CPU = Release|Any CPU
	EndGlobalSection
	GlobalSection(ProjectConfigurationPlatforms) = postSolution
		{008B422B-30F8-4303-834B-3BC6BF8E65A2}.Debug|Any CPU.ActiveCfg = Debug|Any CPU
		{008B422B-30F8-4303-834B-3BC6BF8E65A2}.Debug|Any CPU.Build.0 = Debug|Any CPU
		{008B422B-30F8-4303-834B-3BC6BF8E65A2}.Release|Any CPU.ActiveCfg = Release|Any CPU
		{008B422B-30F8-4303-834B-3BC6BF8E65A2}.Release|Any CPU.Build.0 = Release|Any CPU
		{7A5D0B11-D5DA-4349-A78F-86E8A3AA0482}.Debug|Any CPU.ActiveCfg = Debug|Any CPU
		{7A5D0B11-D5DA-4349-A78F-86E8A3AA0482}.Debug|Any CPU.Build.0 = Debug|Any CPU
		{7A5D0B11-D5DA-4349-A78F-86E8A3AA0482}.Release|Any CPU.ActiveCfg = Release|Any CPU
		{7A5D0B11-D5DA-4349-A78F-86E8A3AA0482}.Release|Any CPU.Build.0 = Release|Any CPU
		{EA15AA8C-F3FC-4304-8E96-395C46ADA180}.Debug|Any CPU.ActiveCfg = Debug|Any CPU
		{EA15AA8C-F3FC-4304-8E96-395C46ADA180}.Debug|Any CPU.Build.0 = Debug|Any CPU
		{EA15AA8C-F3FC-4304-8E96-395C46ADA180}.Release|Any CPU.ActiveCfg = Release|Any CPU
		{EA15AA8C-F3FC-4304-8E96-395C46ADA180}.Release|Any CPU.Build.0 = Release|Any CPU
		{8D251642-4BA8-4D5F-BDED-AA4ECDEA396B}.Debug|Any CPU.ActiveCfg = Debug|Any CPU
		{8D251642-4BA8-4D5F-BDED-AA4ECDEA396B}.Debug|Any CPU.Build.0 = Debug|Any CPU
		{8D251642-4BA8-4D5F-BDED-AA4ECDEA396B}.Release|Any CPU.ActiveCfg = Release|Any CPU
		{8D251642-4BA8-4D5F-BDED-AA4ECDEA396B}.Release|Any CPU.Build.0 = Release|Any CPU
	EndGlobalSection
	GlobalSection(SolutionProperties) = preSolution
		HideSolutionNode = FALSE
	EndGlobalSection
	GlobalSection(ExtensibilityGlobals) = postSolution
		SolutionGuid = {40A639B5-0127-4538-89DC-FC0D8BF3506B}
	EndGlobalSection
EndGlobal
