
Microsoft Visual Studio Solution File, Format Version 12.00
# Visual Studio Version 16
VisualStudioVersion = 16.0.32228.343
MinimumVisualStudioVersion = 10.0.40219.1
Project("{9A19103F-16F7-4668-BE54-9A1E7A4F7556}") = "FileDrawer", "FileDrawer\FileDrawer.csproj", "{008B422B-30F8-4303-834B-3BC6BF8E65A2}"
EndProject
Project("{9A19103F-16F7-4668-BE54-9A1E7A4F7556}") = "Core.Entities", "Core\Core.Entities.csproj", "{8D251642-4BA8-4D5F-BDED-AA4ECDEA396B}"
EndProject
Project("{2150E333-8FDC-42A3-9474-1A3956D46DE8}") = "Core", "Core", "{5A94DE9C-B16C-43AC-A929-9CE98833C91C}"
EndProject
Project("{9A19103F-16F7-4668-BE54-9A1E7A4F7556}") = "Core.Application", "Core.Application\Core.Application.csproj", "{4B69E5CF-BB6C-4A05-B9C0-8A6877C05BDD}"
EndProject
Project("{2150E333-8FDC-42A3-9474-1A3956D46DE8}") = "Infrastructure", "Infrastructure", "{1958CE65-605F-41FB-AF1A-08F2998A06E0}"
EndProject
Project("{FAE04EC0-301F-11D3-BF4B-00C04F79EFBC}") = "Infrastructure.Persistence", "Infrastructure.Persistence\Infrastructure.Persistence.csproj", "{82B2C319-78C9-41E4-B686-6BF2993AC18A}"
EndProject
Global
	GlobalSection(SolutionConfigurationPlatforms) = preSolution
		Debug|Any CPU = Debug|Any CPU
		Release|Any CPU = Release|Any CPU
	EndGlobalSection
	GlobalSection(ProjectConfigurationPlatforms) = postSolution
		{008B422B-30F8-4303-834B-3BC6BF8E65A2}.Debug|Any CPU.ActiveCfg = Debug|Any CPU
		{008B422B-30F8-4303-834B-3BC6BF8E65A2}.Debug|Any CPU.Build.0 = Debug|Any CPU
		{008B422B-30F8-4303-834B-3BC6BF8E65A2}.Release|Any CPU.ActiveCfg = Release|Any CPU
		{008B422B-30F8-4303-834B-3BC6BF8E65A2}.Release|Any CPU.Build.0 = Release|Any CPU
		{8D251642-4BA8-4D5F-BDED-AA4ECDEA396B}.Debug|Any CPU.ActiveCfg = Debug|Any CPU
		{8D251642-4BA8-4D5F-BDED-AA4ECDEA396B}.Debug|Any CPU.Build.0 = Debug|Any CPU
		{8D251642-4BA8-4D5F-BDED-AA4ECDEA396B}.Release|Any CPU.ActiveCfg = Release|Any CPU
		{8D251642-4BA8-4D5F-BDED-AA4ECDEA396B}.Release|Any CPU.Build.0 = Release|Any CPU
		{4B69E5CF-BB6C-4A05-B9C0-8A6877C05BDD}.Debug|Any CPU.ActiveCfg = Debug|Any CPU
		{4B69E5CF-BB6C-4A05-B9C0-8A6877C05BDD}.Debug|Any CPU.Build.0 = Debug|Any CPU
		{4B69E5CF-BB6C-4A05-B9C0-8A6877C05BDD}.Release|Any CPU.ActiveCfg = Release|Any CPU
		{4B69E5CF-BB6C-4A05-B9C0-8A6877C05BDD}.Release|Any CPU.Build.0 = Release|Any CPU
		{82B2C319-78C9-41E4-B686-6BF2993AC18A}.Debug|Any CPU.ActiveCfg = Debug|Any CPU
		{82B2C319-78C9-41E4-B686-6BF2993AC18A}.Debug|Any CPU.Build.0 = Debug|Any CPU
		{82B2C319-78C9-41E4-B686-6BF2993AC18A}.Release|Any CPU.ActiveCfg = Release|Any CPU
		{82B2C319-78C9-41E4-B686-6BF2993AC18A}.Release|Any CPU.Build.0 = Release|Any CPU
	EndGlobalSection
	GlobalSection(SolutionProperties) = preSolution
		HideSolutionNode = FALSE
	EndGlobalSection
	GlobalSection(NestedProjects) = preSolution
		{8D251642-4BA8-4D5F-BDED-AA4ECDEA396B} = {5A94DE9C-B16C-43AC-A929-9CE98833C91C}
		{4B69E5CF-BB6C-4A05-B9C0-8A6877C05BDD} = {5A94DE9C-B16C-43AC-A929-9CE98833C91C}
		{82B2C319-78C9-41E4-B686-6BF2993AC18A} = {1958CE65-605F-41FB-AF1A-08F2998A06E0}
	EndGlobalSection
	GlobalSection(ExtensibilityGlobals) = postSolution
		SolutionGuid = {40A639B5-0127-4538-89DC-FC0D8BF3506B}
	EndGlobalSection
EndGlobal
